
Microsoft Visual Studio Solution File, Format Version 12.00
Project("{FAE04EC0-301F-11D3-BF4B-00C04F79EFBC}") = "lab2", "lab2\lab2.csproj", "{F43AB216-EB42-48AB-BE07-F3A86978A2B1}"
EndProject
Global
	GlobalSection(SolutionConfigurationPlatforms) = preSolution
		Debug|Any CPU = Debug|Any CPU
		Release|Any CPU = Release|Any CPU
	EndGlobalSection
	GlobalSection(ProjectConfigurationPlatforms) = postSolution
		{F43AB216-EB42-48AB-BE07-F3A86978A2B1}.Debug|Any CPU.ActiveCfg = Debug|Any CPU
		{F43AB216-EB42-48AB-BE07-F3A86978A2B1}.Debug|Any CPU.Build.0 = Debug|Any CPU
		{F43AB216-EB42-48AB-BE07-F3A86978A2B1}.Release|Any CPU.ActiveCfg = Release|Any CPU
		{F43AB216-EB42-48AB-BE07-F3A86978A2B1}.Release|Any CPU.Build.0 = Release|Any CPU
	EndGlobalSection
EndGlobal
